
Microsoft Visual Studio Solution File, Format Version 12.00
# Visual Studio 15
VisualStudioVersion = 15.0.27703.2035
MinimumVisualStudioVersion = 10.0.40219.1
Project("{9A19103F-16F7-4668-BE54-9A1E7A4F7556}") = "BlazeDown", "BlazeDown\BlazeDown.csproj", "{98338560-CD85-4EA8-A4B0-E65801DEA026}"
	ProjectSection(ProjectDependencies) = postProject
		{AFB6F96B-CD41-401A-A1C6-20803FC1769C} = {AFB6F96B-CD41-401A-A1C6-20803FC1769C}
		{7145C77B-2611-44C8-BB26-7353DC3C6286} = {7145C77B-2611-44C8-BB26-7353DC3C6286}
	EndProjectSection
EndProject
Project("{9A19103F-16F7-4668-BE54-9A1E7A4F7556}") = "MarkdownComponent", "MarkdownComponent\MarkdownComponent.csproj", "{7145C77B-2611-44C8-BB26-7353DC3C6286}"
EndProject
Project("{9A19103F-16F7-4668-BE54-9A1E7A4F7556}") = "DownloadComponents", "DownloadComponents\DownloadComponents.csproj", "{AFB6F96B-CD41-401A-A1C6-20803FC1769C}"
EndProject
Global
	GlobalSection(SolutionConfigurationPlatforms) = preSolution
		Debug|Any CPU = Debug|Any CPU
		Release|Any CPU = Release|Any CPU
	EndGlobalSection
	GlobalSection(ProjectConfigurationPlatforms) = postSolution
		{98338560-CD85-4EA8-A4B0-E65801DEA026}.Debug|Any CPU.ActiveCfg = Debug|Any CPU
		{98338560-CD85-4EA8-A4B0-E65801DEA026}.Debug|Any CPU.Build.0 = Debug|Any CPU
		{98338560-CD85-4EA8-A4B0-E65801DEA026}.Release|Any CPU.ActiveCfg = Release|Any CPU
		{98338560-CD85-4EA8-A4B0-E65801DEA026}.Release|Any CPU.Build.0 = Release|Any CPU
		{7145C77B-2611-44C8-BB26-7353DC3C6286}.Debug|Any CPU.ActiveCfg = Debug|Any CPU
		{7145C77B-2611-44C8-BB26-7353DC3C6286}.Debug|Any CPU.Build.0 = Debug|Any CPU
		{7145C77B-2611-44C8-BB26-7353DC3C6286}.Release|Any CPU.ActiveCfg = Release|Any CPU
		{7145C77B-2611-44C8-BB26-7353DC3C6286}.Release|Any CPU.Build.0 = Release|Any CPU
		{AFB6F96B-CD41-401A-A1C6-20803FC1769C}.Debug|Any CPU.ActiveCfg = Debug|Any CPU
		{AFB6F96B-CD41-401A-A1C6-20803FC1769C}.Debug|Any CPU.Build.0 = Debug|Any CPU
		{AFB6F96B-CD41-401A-A1C6-20803FC1769C}.Release|Any CPU.ActiveCfg = Release|Any CPU
		{AFB6F96B-CD41-401A-A1C6-20803FC1769C}.Release|Any CPU.Build.0 = Release|Any CPU
	EndGlobalSection
	GlobalSection(SolutionProperties) = preSolution
		HideSolutionNode = FALSE
	EndGlobalSection
	GlobalSection(ExtensibilityGlobals) = postSolution
		SolutionGuid = {285CD492-EBE9-42C7-82A1-1DCBB937F501}
	EndGlobalSection
EndGlobal
